<?xml version="1.0" encoding="utf-8"?>
<!-- 自動生成。Tools\GenerateProjectFiles.py が書き換える。手で編集しない -->
<Project ToolsVersion="4.0" xmlns="http://schemas.microsoft.com/developer/msbuild/2003">
  <ItemGroup>
    <Filter Include="Private">
      <UniqueIdentifier>{F5EC48AD-1698-4F77-2B19-CF832D2A4072}</UniqueIdentifier>
    </Filter>
    <Filter Include="Public">
      <UniqueIdentifier>{4F5D17AE-8385-7B72-A40C-A9A6E39FADB5}</UniqueIdentifier>
    </Filter>
    <Filter Include="Public\RHI">
      <UniqueIdentifier>{1AD08B04-68FE-282F-2DF6-67BCADD34A6F}</UniqueIdentifier>
    </Filter>
  </ItemGroup>
  <ItemGroup>
    <ClInclude Include="Public\RHI\CommandList.h">
      <Filter>Public\RHI</Filter>
    </ClInclude>
    <ClInclude Include="Public\RHI\GraphicsDevice.h">
      <Filter>Public\RHI</Filter>
    </ClInclude>
    <ClInclude Include="Public\RHI\RHI.h">
      <Filter>Public\RHI</Filter>
    </ClInclude>
    <ClInclude Include="Public\RHI\RHIHandles.h">
      <Filter>Public\RHI</Filter>
    </ClInclude>
    <ClInclude Include="Public\RHI\RHILog.h">
      <Filter>Public\RHI</Filter>
    </ClInclude>
    <ClInclude Include="Public\RHI\ShaderCompiler.h">
      <Filter>Public\RHI</Filter>
    </ClInclude>
    <ClInclude Include="Private\D3D12Common.h">
      <Filter>Private</Filter>
    </ClInclude>
    <ClInclude Include="Private\Pch.h">
      <Filter>Private</Filter>
    </ClInclude>
  </ItemGroup>
  <ItemGroup>
    <ClCompile Include="Private\GraphicsDevice.cpp">
      <Filter>Private</Filter>
    </ClCompile>
    <ClCompile Include="Private\Pch.cpp">
      <Filter>Private</Filter>
    </ClCompile>
    <ClCompile Include="Private\RHI.cpp">
      <Filter>Private</Filter>
    </ClCompile>
    <ClCompile Include="Private\ShaderCompiler.cpp">
      <Filter>Private</Filter>
    </ClCompile>
  </ItemGroup>
</Project>
