<?xml version="1.0" encoding="utf-8"?>
<!-- 自動生成。Tools\GenerateProjectFiles.py が書き換える。手で編集しない -->
<Project ToolsVersion="4.0" xmlns="http://schemas.microsoft.com/developer/msbuild/2003">
  <ItemGroup>
  </ItemGroup>
  <ItemGroup>
    <ClInclude Include="BufferPool.h" />
    <ClInclude Include="CommandList.h" />
    <ClInclude Include="D3D12Common.h" />
    <ClInclude Include="DepthBuffer.h" />
    <ClInclude Include="DescriptorHeap.h" />
    <ClInclude Include="GPUFence.h" />
    <ClInclude Include="GraphicsDevice.h" />
    <ClInclude Include="Pch.h" />
    <ClInclude Include="PipelinePool.h" />
    <ClInclude Include="RHI.h" />
    <ClInclude Include="RHIHandles.h" />
    <ClInclude Include="RHILog.h" />
    <ClInclude Include="RHITypes.h" />
    <ClInclude Include="ShaderCompiler.h" />
    <ClInclude Include="ShaderHotReload.h" />
    <ClInclude Include="SwapChain.h" />
    <ClInclude Include="TexturePool.h" />
  </ItemGroup>
  <ItemGroup>
    <ClCompile Include="BufferPool.cpp" />
    <ClCompile Include="CommandList.cpp" />
    <ClCompile Include="DepthBuffer.cpp" />
    <ClCompile Include="DescriptorHeap.cpp" />
    <ClCompile Include="GPUFence.cpp" />
    <ClCompile Include="GraphicsDevice.cpp" />
    <ClCompile Include="Pch.cpp" />
    <ClCompile Include="PipelinePool.cpp" />
    <ClCompile Include="RHI.cpp" />
    <ClCompile Include="ShaderCompiler.cpp" />
    <ClCompile Include="ShaderHotReload.cpp" />
    <ClCompile Include="SwapChain.cpp" />
    <ClCompile Include="TexturePool.cpp" />
  </ItemGroup>
</Project>
