<?xml version="1.0" encoding="utf-8"?>
<!-- 自動生成。Tools\GenerateProjectFiles.py が書き換える。手で編集しない -->
<Project ToolsVersion="4.0" xmlns="http://schemas.microsoft.com/developer/msbuild/2003">
  <ItemGroup>
  </ItemGroup>
  <ItemGroup>
    <ClInclude Include="Animation.h" />
    <ClInclude Include="Pch.h" />
  </ItemGroup>
  <ItemGroup>
    <ClCompile Include="Animation.cpp" />
    <ClCompile Include="Pch.cpp" />
  </ItemGroup>
</Project>
