
Microsoft Visual Studio Solution File, Format Version 12.00
# Visual Studio Version 18
VisualStudioVersion = 18.9.12120.119
MinimumVisualStudioVersion = 10.0.40219.1
Project("{8BC9CEB8-8B4A-11D0-8D11-00A0C91BC942}") = "Game", "Game\Game.vcxproj", "{D197C55F-EC0C-5D46-6A8E-58383A9CBFEC}"
EndProject
Project("{8BC9CEB8-8B4A-11D0-8D11-00A0C91BC942}") = "GameUWP", "Game\GameUWP.vcxproj", "{D1E14E1F-022B-D084-BDC6-36683F7B57E2}"
EndProject
Project("{8BC9CEB8-8B4A-11D0-8D11-00A0C91BC942}") = "Core", "Engine\Core\Core.vcxproj", "{3EA9A5D6-7E03-233C-9D5F-0F5F3D3551E4}"
EndProject
Project("{8BC9CEB8-8B4A-11D0-8D11-00A0C91BC942}") = "RHI", "Engine\RHI\RHI.vcxproj", "{2D305B6C-637F-398E-2054-B26688E68BFD}"
EndProject
Project("{8BC9CEB8-8B4A-11D0-8D11-00A0C91BC942}") = "Renderer", "Engine\Renderer\Renderer.vcxproj", "{DE5615AE-B641-4056-F88E-249AD9E949D0}"
EndProject
Project("{8BC9CEB8-8B4A-11D0-8D11-00A0C91BC942}") = "Collision", "Engine\Collision\Collision.vcxproj", "{81482B42-5CB9-617D-0861-E820008E622C}"
EndProject
Project("{8BC9CEB8-8B4A-11D0-8D11-00A0C91BC942}") = "Animation", "Engine\Animation\Animation.vcxproj", "{B93E2750-49B6-D59D-2671-AF23BAED679E}"
EndProject
Project("{8BC9CEB8-8B4A-11D0-8D11-00A0C91BC942}") = "Resource", "Engine\Resource\Resource.vcxproj", "{A48DFBA4-052E-E492-7CED-2297A99D072E}"
EndProject
Project("{8BC9CEB8-8B4A-11D0-8D11-00A0C91BC942}") = "Scene", "Engine\Scene\Scene.vcxproj", "{867A0379-56BC-9674-9E88-4D16FF2F14B7}"
EndProject
Project("{8BC9CEB8-8B4A-11D0-8D11-00A0C91BC942}") = "Input", "Engine\Input\Input.vcxproj", "{F1BE5581-89F2-DF75-36ED-BDFB045C5B5E}"
EndProject
Project("{8BC9CEB8-8B4A-11D0-8D11-00A0C91BC942}") = "Audio", "Engine\Audio\Audio.vcxproj", "{09213C6B-37DB-4B65-A1B3-2B761929C913}"
EndProject
Project("{8BC9CEB8-8B4A-11D0-8D11-00A0C91BC942}") = "UI", "Engine\UI\UI.vcxproj", "{9EE6A3BA-8781-F74C-39E4-CD648ED8FDC3}"
EndProject
Project("{8BC9CEB8-8B4A-11D0-8D11-00A0C91BC942}") = "AI", "Engine\AI\AI.vcxproj", "{EC154CFF-F0AF-2B84-6370-37D0BE6E98DA}"
EndProject
Project("{8BC9CEB8-8B4A-11D0-8D11-00A0C91BC942}") = "Effects", "Engine\Effects\Effects.vcxproj", "{B1F515BC-EF2E-442C-92F9-C6B84591602F}"
EndProject
Project("{8BC9CEB8-8B4A-11D0-8D11-00A0C91BC942}") = "Runtime", "Engine\Runtime\Runtime.vcxproj", "{E6FA1A5B-182D-9AB3-F745-EE80A0BF7240}"
EndProject
Project("{8BC9CEB8-8B4A-11D0-8D11-00A0C91BC942}") = "Editor", "Engine\Editor\Editor.vcxproj", "{CB5862F9-812A-BC61-ACE7-D28939BAB2F6}"
EndProject
Project("{8BC9CEB8-8B4A-11D0-8D11-00A0C91BC942}") = "Tests", "Tests\Tests.vcxproj", "{2F0B6BB4-5119-7746-86D2-75D0CF2A6A43}"
EndProject
Project("{8BC9CEB8-8B4A-11D0-8D11-00A0C91BC942}") = "AssetBuilder", "Tools\AssetBuilder\AssetBuilder.vcxproj", "{BD246DB0-3AD3-5F3A-238C-292FE8E816F4}"
EndProject
Project("{8BC9CEB8-8B4A-11D0-8D11-00A0C91BC942}") = "imgui", "ThirdParty\imgui\imgui.vcxproj", "{16BEF005-83DC-5D5B-C69A-135C28C22BC7}"
EndProject
Project("{8BC9CEB8-8B4A-11D0-8D11-00A0C91BC942}") = "ozz", "ThirdParty\ozz\ozz.vcxproj", "{9A28CDAD-0F6F-B8A0-3912-682D1073D44E}"
EndProject
Project("{2150E333-8FDC-42A3-9474-1A3956D46DE8}") = "Game", "Game", "{D88FA2AC-1426-D434-1B77-634B6AB3E884}"
EndProject
Project("{2150E333-8FDC-42A3-9474-1A3956D46DE8}") = "Engine", "Engine", "{603CA8D7-EBDE-3019-CBC5-45F99CEDEE59}"
EndProject
Project("{2150E333-8FDC-42A3-9474-1A3956D46DE8}") = "Tools", "Tools", "{5746A2C8-BA89-E734-BF84-22A3E1DE9822}"
EndProject
Project("{2150E333-8FDC-42A3-9474-1A3956D46DE8}") = "Tests", "Tests", "{DCC9A87B-C0DE-7582-D9FF-6791C62BE335}"
EndProject
Project("{2150E333-8FDC-42A3-9474-1A3956D46DE8}") = "ThirdParty", "ThirdParty", "{D4EDCDD6-DB61-419F-E06B-BE532DC7741E}"
	ProjectSection(SolutionItems) = preProject
		ThirdParty\doctest\LICENSE.txt = ThirdParty\doctest\LICENSE.txt
		ThirdParty\doctest\doctest.h = ThirdParty\doctest\doctest.h
	EndProjectSection
EndProject
Global
	GlobalSection(SolutionConfigurationPlatforms) = preSolution
		Debug|x64 = Debug|x64
		Preview|x64 = Preview|x64
		Release|x64 = Release|x64
		DebugXbox|x64 = DebugXbox|x64
		PreviewXbox|x64 = PreviewXbox|x64
		ReleaseXbox|x64 = ReleaseXbox|x64
	EndGlobalSection
	GlobalSection(ProjectConfigurationPlatforms) = postSolution
		{3EA9A5D6-7E03-233C-9D5F-0F5F3D3551E4}.Debug|x64.ActiveCfg = Debug|x64
		{3EA9A5D6-7E03-233C-9D5F-0F5F3D3551E4}.Debug|x64.Build.0 = Debug|x64
		{3EA9A5D6-7E03-233C-9D5F-0F5F3D3551E4}.Preview|x64.ActiveCfg = Preview|x64
		{3EA9A5D6-7E03-233C-9D5F-0F5F3D3551E4}.Preview|x64.Build.0 = Preview|x64
		{3EA9A5D6-7E03-233C-9D5F-0F5F3D3551E4}.Release|x64.ActiveCfg = Release|x64
		{3EA9A5D6-7E03-233C-9D5F-0F5F3D3551E4}.Release|x64.Build.0 = Release|x64
		{3EA9A5D6-7E03-233C-9D5F-0F5F3D3551E4}.DebugXbox|x64.ActiveCfg = DebugXbox|x64
		{3EA9A5D6-7E03-233C-9D5F-0F5F3D3551E4}.DebugXbox|x64.Build.0 = DebugXbox|x64
		{3EA9A5D6-7E03-233C-9D5F-0F5F3D3551E4}.PreviewXbox|x64.ActiveCfg = PreviewXbox|x64
		{3EA9A5D6-7E03-233C-9D5F-0F5F3D3551E4}.PreviewXbox|x64.Build.0 = PreviewXbox|x64
		{3EA9A5D6-7E03-233C-9D5F-0F5F3D3551E4}.ReleaseXbox|x64.ActiveCfg = ReleaseXbox|x64
		{3EA9A5D6-7E03-233C-9D5F-0F5F3D3551E4}.ReleaseXbox|x64.Build.0 = ReleaseXbox|x64
		{2D305B6C-637F-398E-2054-B26688E68BFD}.Debug|x64.ActiveCfg = Debug|x64
		{2D305B6C-637F-398E-2054-B26688E68BFD}.Debug|x64.Build.0 = Debug|x64
		{2D305B6C-637F-398E-2054-B26688E68BFD}.Preview|x64.ActiveCfg = Preview|x64
		{2D305B6C-637F-398E-2054-B26688E68BFD}.Preview|x64.Build.0 = Preview|x64
		{2D305B6C-637F-398E-2054-B26688E68BFD}.Release|x64.ActiveCfg = Release|x64
		{2D305B6C-637F-398E-2054-B26688E68BFD}.Release|x64.Build.0 = Release|x64
		{2D305B6C-637F-398E-2054-B26688E68BFD}.DebugXbox|x64.ActiveCfg = DebugXbox|x64
		{2D305B6C-637F-398E-2054-B26688E68BFD}.DebugXbox|x64.Build.0 = DebugXbox|x64
		{2D305B6C-637F-398E-2054-B26688E68BFD}.PreviewXbox|x64.ActiveCfg = PreviewXbox|x64
		{2D305B6C-637F-398E-2054-B26688E68BFD}.PreviewXbox|x64.Build.0 = PreviewXbox|x64
		{2D305B6C-637F-398E-2054-B26688E68BFD}.ReleaseXbox|x64.ActiveCfg = ReleaseXbox|x64
		{2D305B6C-637F-398E-2054-B26688E68BFD}.ReleaseXbox|x64.Build.0 = ReleaseXbox|x64
		{DE5615AE-B641-4056-F88E-249AD9E949D0}.Debug|x64.ActiveCfg = Debug|x64
		{DE5615AE-B641-4056-F88E-249AD9E949D0}.Debug|x64.Build.0 = Debug|x64
		{DE5615AE-B641-4056-F88E-249AD9E949D0}.Preview|x64.ActiveCfg = Preview|x64
		{DE5615AE-B641-4056-F88E-249AD9E949D0}.Preview|x64.Build.0 = Preview|x64
		{DE5615AE-B641-4056-F88E-249AD9E949D0}.Release|x64.ActiveCfg = Release|x64
		{DE5615AE-B641-4056-F88E-249AD9E949D0}.Release|x64.Build.0 = Release|x64
		{DE5615AE-B641-4056-F88E-249AD9E949D0}.DebugXbox|x64.ActiveCfg = DebugXbox|x64
		{DE5615AE-B641-4056-F88E-249AD9E949D0}.DebugXbox|x64.Build.0 = DebugXbox|x64
		{DE5615AE-B641-4056-F88E-249AD9E949D0}.PreviewXbox|x64.ActiveCfg = PreviewXbox|x64
		{DE5615AE-B641-4056-F88E-249AD9E949D0}.PreviewXbox|x64.Build.0 = PreviewXbox|x64
		{DE5615AE-B641-4056-F88E-249AD9E949D0}.ReleaseXbox|x64.ActiveCfg = ReleaseXbox|x64
		{DE5615AE-B641-4056-F88E-249AD9E949D0}.ReleaseXbox|x64.Build.0 = ReleaseXbox|x64
		{81482B42-5CB9-617D-0861-E820008E622C}.Debug|x64.ActiveCfg = Debug|x64
		{81482B42-5CB9-617D-0861-E820008E622C}.Debug|x64.Build.0 = Debug|x64
		{81482B42-5CB9-617D-0861-E820008E622C}.Preview|x64.ActiveCfg = Preview|x64
		{81482B42-5CB9-617D-0861-E820008E622C}.Preview|x64.Build.0 = Preview|x64
		{81482B42-5CB9-617D-0861-E820008E622C}.Release|x64.ActiveCfg = Release|x64
		{81482B42-5CB9-617D-0861-E820008E622C}.Release|x64.Build.0 = Release|x64
		{81482B42-5CB9-617D-0861-E820008E622C}.DebugXbox|x64.ActiveCfg = DebugXbox|x64
		{81482B42-5CB9-617D-0861-E820008E622C}.DebugXbox|x64.Build.0 = DebugXbox|x64
		{81482B42-5CB9-617D-0861-E820008E622C}.PreviewXbox|x64.ActiveCfg = PreviewXbox|x64
		{81482B42-5CB9-617D-0861-E820008E622C}.PreviewXbox|x64.Build.0 = PreviewXbox|x64
		{81482B42-5CB9-617D-0861-E820008E622C}.ReleaseXbox|x64.ActiveCfg = ReleaseXbox|x64
		{81482B42-5CB9-617D-0861-E820008E622C}.ReleaseXbox|x64.Build.0 = ReleaseXbox|x64
		{B93E2750-49B6-D59D-2671-AF23BAED679E}.Debug|x64.ActiveCfg = Debug|x64
		{B93E2750-49B6-D59D-2671-AF23BAED679E}.Debug|x64.Build.0 = Debug|x64
		{B93E2750-49B6-D59D-2671-AF23BAED679E}.Preview|x64.ActiveCfg = Preview|x64
		{B93E2750-49B6-D59D-2671-AF23BAED679E}.Preview|x64.Build.0 = Preview|x64
		{B93E2750-49B6-D59D-2671-AF23BAED679E}.Release|x64.ActiveCfg = Release|x64
		{B93E2750-49B6-D59D-2671-AF23BAED679E}.Release|x64.Build.0 = Release|x64
		{B93E2750-49B6-D59D-2671-AF23BAED679E}.DebugXbox|x64.ActiveCfg = DebugXbox|x64
		{B93E2750-49B6-D59D-2671-AF23BAED679E}.DebugXbox|x64.Build.0 = DebugXbox|x64
		{B93E2750-49B6-D59D-2671-AF23BAED679E}.PreviewXbox|x64.ActiveCfg = PreviewXbox|x64
		{B93E2750-49B6-D59D-2671-AF23BAED679E}.PreviewXbox|x64.Build.0 = PreviewXbox|x64
		{B93E2750-49B6-D59D-2671-AF23BAED679E}.ReleaseXbox|x64.ActiveCfg = ReleaseXbox|x64
		{B93E2750-49B6-D59D-2671-AF23BAED679E}.ReleaseXbox|x64.Build.0 = ReleaseXbox|x64
		{A48DFBA4-052E-E492-7CED-2297A99D072E}.Debug|x64.ActiveCfg = Debug|x64
		{A48DFBA4-052E-E492-7CED-2297A99D072E}.Debug|x64.Build.0 = Debug|x64
		{A48DFBA4-052E-E492-7CED-2297A99D072E}.Preview|x64.ActiveCfg = Preview|x64
		{A48DFBA4-052E-E492-7CED-2297A99D072E}.Preview|x64.Build.0 = Preview|x64
		{A48DFBA4-052E-E492-7CED-2297A99D072E}.Release|x64.ActiveCfg = Release|x64
		{A48DFBA4-052E-E492-7CED-2297A99D072E}.Release|x64.Build.0 = Release|x64
		{A48DFBA4-052E-E492-7CED-2297A99D072E}.DebugXbox|x64.ActiveCfg = DebugXbox|x64
		{A48DFBA4-052E-E492-7CED-2297A99D072E}.DebugXbox|x64.Build.0 = DebugXbox|x64
		{A48DFBA4-052E-E492-7CED-2297A99D072E}.PreviewXbox|x64.ActiveCfg = PreviewXbox|x64
		{A48DFBA4-052E-E492-7CED-2297A99D072E}.PreviewXbox|x64.Build.0 = PreviewXbox|x64
		{A48DFBA4-052E-E492-7CED-2297A99D072E}.ReleaseXbox|x64.ActiveCfg = ReleaseXbox|x64
		{A48DFBA4-052E-E492-7CED-2297A99D072E}.ReleaseXbox|x64.Build.0 = ReleaseXbox|x64
		{867A0379-56BC-9674-9E88-4D16FF2F14B7}.Debug|x64.ActiveCfg = Debug|x64
		{867A0379-56BC-9674-9E88-4D16FF2F14B7}.Debug|x64.Build.0 = Debug|x64
		{867A0379-56BC-9674-9E88-4D16FF2F14B7}.Preview|x64.ActiveCfg = Preview|x64
		{867A0379-56BC-9674-9E88-4D16FF2F14B7}.Preview|x64.Build.0 = Preview|x64
		{867A0379-56BC-9674-9E88-4D16FF2F14B7}.Release|x64.ActiveCfg = Release|x64
		{867A0379-56BC-9674-9E88-4D16FF2F14B7}.Release|x64.Build.0 = Release|x64
		{867A0379-56BC-9674-9E88-4D16FF2F14B7}.DebugXbox|x64.ActiveCfg = DebugXbox|x64
		{867A0379-56BC-9674-9E88-4D16FF2F14B7}.DebugXbox|x64.Build.0 = DebugXbox|x64
		{867A0379-56BC-9674-9E88-4D16FF2F14B7}.PreviewXbox|x64.ActiveCfg = PreviewXbox|x64
		{867A0379-56BC-9674-9E88-4D16FF2F14B7}.PreviewXbox|x64.Build.0 = PreviewXbox|x64
		{867A0379-56BC-9674-9E88-4D16FF2F14B7}.ReleaseXbox|x64.ActiveCfg = ReleaseXbox|x64
		{867A0379-56BC-9674-9E88-4D16FF2F14B7}.ReleaseXbox|x64.Build.0 = ReleaseXbox|x64
		{F1BE5581-89F2-DF75-36ED-BDFB045C5B5E}.Debug|x64.ActiveCfg = Debug|x64
		{F1BE5581-89F2-DF75-36ED-BDFB045C5B5E}.Debug|x64.Build.0 = Debug|x64
		{F1BE5581-89F2-DF75-36ED-BDFB045C5B5E}.Preview|x64.ActiveCfg = Preview|x64
		{F1BE5581-89F2-DF75-36ED-BDFB045C5B5E}.Preview|x64.Build.0 = Preview|x64
		{F1BE5581-89F2-DF75-36ED-BDFB045C5B5E}.Release|x64.ActiveCfg = Release|x64
		{F1BE5581-89F2-DF75-36ED-BDFB045C5B5E}.Release|x64.Build.0 = Release|x64
		{F1BE5581-89F2-DF75-36ED-BDFB045C5B5E}.DebugXbox|x64.ActiveCfg = DebugXbox|x64
		{F1BE5581-89F2-DF75-36ED-BDFB045C5B5E}.DebugXbox|x64.Build.0 = DebugXbox|x64
		{F1BE5581-89F2-DF75-36ED-BDFB045C5B5E}.PreviewXbox|x64.ActiveCfg = PreviewXbox|x64
		{F1BE5581-89F2-DF75-36ED-BDFB045C5B5E}.PreviewXbox|x64.Build.0 = PreviewXbox|x64
		{F1BE5581-89F2-DF75-36ED-BDFB045C5B5E}.ReleaseXbox|x64.ActiveCfg = ReleaseXbox|x64
		{F1BE5581-89F2-DF75-36ED-BDFB045C5B5E}.ReleaseXbox|x64.Build.0 = ReleaseXbox|x64
		{09213C6B-37DB-4B65-A1B3-2B761929C913}.Debug|x64.ActiveCfg = Debug|x64
		{09213C6B-37DB-4B65-A1B3-2B761929C913}.Debug|x64.Build.0 = Debug|x64
		{09213C6B-37DB-4B65-A1B3-2B761929C913}.Preview|x64.ActiveCfg = Preview|x64
		{09213C6B-37DB-4B65-A1B3-2B761929C913}.Preview|x64.Build.0 = Preview|x64
		{09213C6B-37DB-4B65-A1B3-2B761929C913}.Release|x64.ActiveCfg = Release|x64
		{09213C6B-37DB-4B65-A1B3-2B761929C913}.Release|x64.Build.0 = Release|x64
		{09213C6B-37DB-4B65-A1B3-2B761929C913}.DebugXbox|x64.ActiveCfg = DebugXbox|x64
		{09213C6B-37DB-4B65-A1B3-2B761929C913}.DebugXbox|x64.Build.0 = DebugXbox|x64
		{09213C6B-37DB-4B65-A1B3-2B761929C913}.PreviewXbox|x64.ActiveCfg = PreviewXbox|x64
		{09213C6B-37DB-4B65-A1B3-2B761929C913}.PreviewXbox|x64.Build.0 = PreviewXbox|x64
		{09213C6B-37DB-4B65-A1B3-2B761929C913}.ReleaseXbox|x64.ActiveCfg = ReleaseXbox|x64
		{09213C6B-37DB-4B65-A1B3-2B761929C913}.ReleaseXbox|x64.Build.0 = ReleaseXbox|x64
		{9EE6A3BA-8781-F74C-39E4-CD648ED8FDC3}.Debug|x64.ActiveCfg = Debug|x64
		{9EE6A3BA-8781-F74C-39E4-CD648ED8FDC3}.Debug|x64.Build.0 = Debug|x64
		{9EE6A3BA-8781-F74C-39E4-CD648ED8FDC3}.Preview|x64.ActiveCfg = Preview|x64
		{9EE6A3BA-8781-F74C-39E4-CD648ED8FDC3}.Preview|x64.Build.0 = Preview|x64
		{9EE6A3BA-8781-F74C-39E4-CD648ED8FDC3}.Release|x64.ActiveCfg = Release|x64
		{9EE6A3BA-8781-F74C-39E4-CD648ED8FDC3}.Release|x64.Build.0 = Release|x64
		{9EE6A3BA-8781-F74C-39E4-CD648ED8FDC3}.DebugXbox|x64.ActiveCfg = DebugXbox|x64
		{9EE6A3BA-8781-F74C-39E4-CD648ED8FDC3}.DebugXbox|x64.Build.0 = DebugXbox|x64
		{9EE6A3BA-8781-F74C-39E4-CD648ED8FDC3}.PreviewXbox|x64.ActiveCfg = PreviewXbox|x64
		{9EE6A3BA-8781-F74C-39E4-CD648ED8FDC3}.PreviewXbox|x64.Build.0 = PreviewXbox|x64
		{9EE6A3BA-8781-F74C-39E4-CD648ED8FDC3}.ReleaseXbox|x64.ActiveCfg = ReleaseXbox|x64
		{9EE6A3BA-8781-F74C-39E4-CD648ED8FDC3}.ReleaseXbox|x64.Build.0 = ReleaseXbox|x64
		{EC154CFF-F0AF-2B84-6370-37D0BE6E98DA}.Debug|x64.ActiveCfg = Debug|x64
		{EC154CFF-F0AF-2B84-6370-37D0BE6E98DA}.Debug|x64.Build.0 = Debug|x64
		{EC154CFF-F0AF-2B84-6370-37D0BE6E98DA}.Preview|x64.ActiveCfg = Preview|x64
		{EC154CFF-F0AF-2B84-6370-37D0BE6E98DA}.Preview|x64.Build.0 = Preview|x64
		{EC154CFF-F0AF-2B84-6370-37D0BE6E98DA}.Release|x64.ActiveCfg = Release|x64
		{EC154CFF-F0AF-2B84-6370-37D0BE6E98DA}.Release|x64.Build.0 = Release|x64
		{EC154CFF-F0AF-2B84-6370-37D0BE6E98DA}.DebugXbox|x64.ActiveCfg = DebugXbox|x64
		{EC154CFF-F0AF-2B84-6370-37D0BE6E98DA}.DebugXbox|x64.Build.0 = DebugXbox|x64
		{EC154CFF-F0AF-2B84-6370-37D0BE6E98DA}.PreviewXbox|x64.ActiveCfg = PreviewXbox|x64
		{EC154CFF-F0AF-2B84-6370-37D0BE6E98DA}.PreviewXbox|x64.Build.0 = PreviewXbox|x64
		{EC154CFF-F0AF-2B84-6370-37D0BE6E98DA}.ReleaseXbox|x64.ActiveCfg = ReleaseXbox|x64
		{EC154CFF-F0AF-2B84-6370-37D0BE6E98DA}.ReleaseXbox|x64.Build.0 = ReleaseXbox|x64
		{B1F515BC-EF2E-442C-92F9-C6B84591602F}.Debug|x64.ActiveCfg = Debug|x64
		{B1F515BC-EF2E-442C-92F9-C6B84591602F}.Debug|x64.Build.0 = Debug|x64
		{B1F515BC-EF2E-442C-92F9-C6B84591602F}.Preview|x64.ActiveCfg = Preview|x64
		{B1F515BC-EF2E-442C-92F9-C6B84591602F}.Preview|x64.Build.0 = Preview|x64
		{B1F515BC-EF2E-442C-92F9-C6B84591602F}.Release|x64.ActiveCfg = Release|x64
		{B1F515BC-EF2E-442C-92F9-C6B84591602F}.Release|x64.Build.0 = Release|x64
		{B1F515BC-EF2E-442C-92F9-C6B84591602F}.DebugXbox|x64.ActiveCfg = DebugXbox|x64
		{B1F515BC-EF2E-442C-92F9-C6B84591602F}.DebugXbox|x64.Build.0 = DebugXbox|x64
		{B1F515BC-EF2E-442C-92F9-C6B84591602F}.PreviewXbox|x64.ActiveCfg = PreviewXbox|x64
		{B1F515BC-EF2E-442C-92F9-C6B84591602F}.PreviewXbox|x64.Build.0 = PreviewXbox|x64
		{B1F515BC-EF2E-442C-92F9-C6B84591602F}.ReleaseXbox|x64.ActiveCfg = ReleaseXbox|x64
		{B1F515BC-EF2E-442C-92F9-C6B84591602F}.ReleaseXbox|x64.Build.0 = ReleaseXbox|x64
		{E6FA1A5B-182D-9AB3-F745-EE80A0BF7240}.Debug|x64.ActiveCfg = Debug|x64
		{E6FA1A5B-182D-9AB3-F745-EE80A0BF7240}.Debug|x64.Build.0 = Debug|x64
		{E6FA1A5B-182D-9AB3-F745-EE80A0BF7240}.Preview|x64.ActiveCfg = Preview|x64
		{E6FA1A5B-182D-9AB3-F745-EE80A0BF7240}.Preview|x64.Build.0 = Preview|x64
		{E6FA1A5B-182D-9AB3-F745-EE80A0BF7240}.Release|x64.ActiveCfg = Release|x64
		{E6FA1A5B-182D-9AB3-F745-EE80A0BF7240}.Release|x64.Build.0 = Release|x64
		{E6FA1A5B-182D-9AB3-F745-EE80A0BF7240}.DebugXbox|x64.ActiveCfg = DebugXbox|x64
		{E6FA1A5B-182D-9AB3-F745-EE80A0BF7240}.DebugXbox|x64.Build.0 = DebugXbox|x64
		{E6FA1A5B-182D-9AB3-F745-EE80A0BF7240}.PreviewXbox|x64.ActiveCfg = PreviewXbox|x64
		{E6FA1A5B-182D-9AB3-F745-EE80A0BF7240}.PreviewXbox|x64.Build.0 = PreviewXbox|x64
		{E6FA1A5B-182D-9AB3-F745-EE80A0BF7240}.ReleaseXbox|x64.ActiveCfg = ReleaseXbox|x64
		{E6FA1A5B-182D-9AB3-F745-EE80A0BF7240}.ReleaseXbox|x64.Build.0 = ReleaseXbox|x64
		{CB5862F9-812A-BC61-ACE7-D28939BAB2F6}.Debug|x64.ActiveCfg = Debug|x64
		{CB5862F9-812A-BC61-ACE7-D28939BAB2F6}.Debug|x64.Build.0 = Debug|x64
		{CB5862F9-812A-BC61-ACE7-D28939BAB2F6}.Preview|x64.ActiveCfg = Preview|x64
		{CB5862F9-812A-BC61-ACE7-D28939BAB2F6}.Preview|x64.Build.0 = Preview|x64
		{CB5862F9-812A-BC61-ACE7-D28939BAB2F6}.Release|x64.ActiveCfg = Release|x64
		{CB5862F9-812A-BC61-ACE7-D28939BAB2F6}.DebugXbox|x64.ActiveCfg = DebugXbox|x64
		{CB5862F9-812A-BC61-ACE7-D28939BAB2F6}.DebugXbox|x64.Build.0 = DebugXbox|x64
		{CB5862F9-812A-BC61-ACE7-D28939BAB2F6}.PreviewXbox|x64.ActiveCfg = PreviewXbox|x64
		{CB5862F9-812A-BC61-ACE7-D28939BAB2F6}.PreviewXbox|x64.Build.0 = PreviewXbox|x64
		{CB5862F9-812A-BC61-ACE7-D28939BAB2F6}.ReleaseXbox|x64.ActiveCfg = ReleaseXbox|x64
		{D197C55F-EC0C-5D46-6A8E-58383A9CBFEC}.Debug|x64.ActiveCfg = Debug|x64
		{D197C55F-EC0C-5D46-6A8E-58383A9CBFEC}.Debug|x64.Build.0 = Debug|x64
		{D197C55F-EC0C-5D46-6A8E-58383A9CBFEC}.Preview|x64.ActiveCfg = Preview|x64
		{D197C55F-EC0C-5D46-6A8E-58383A9CBFEC}.Preview|x64.Build.0 = Preview|x64
		{D197C55F-EC0C-5D46-6A8E-58383A9CBFEC}.Release|x64.ActiveCfg = Release|x64
		{D197C55F-EC0C-5D46-6A8E-58383A9CBFEC}.Release|x64.Build.0 = Release|x64
		{D197C55F-EC0C-5D46-6A8E-58383A9CBFEC}.DebugXbox|x64.ActiveCfg = Debug|x64
		{D197C55F-EC0C-5D46-6A8E-58383A9CBFEC}.PreviewXbox|x64.ActiveCfg = Preview|x64
		{D197C55F-EC0C-5D46-6A8E-58383A9CBFEC}.ReleaseXbox|x64.ActiveCfg = Release|x64
		{D1E14E1F-022B-D084-BDC6-36683F7B57E2}.Debug|x64.ActiveCfg = DebugXbox|x64
		{D1E14E1F-022B-D084-BDC6-36683F7B57E2}.Preview|x64.ActiveCfg = PreviewXbox|x64
		{D1E14E1F-022B-D084-BDC6-36683F7B57E2}.Release|x64.ActiveCfg = ReleaseXbox|x64
		{D1E14E1F-022B-D084-BDC6-36683F7B57E2}.DebugXbox|x64.ActiveCfg = DebugXbox|x64
		{D1E14E1F-022B-D084-BDC6-36683F7B57E2}.DebugXbox|x64.Build.0 = DebugXbox|x64
		{D1E14E1F-022B-D084-BDC6-36683F7B57E2}.DebugXbox|x64.Deploy.0 = DebugXbox|x64
		{D1E14E1F-022B-D084-BDC6-36683F7B57E2}.PreviewXbox|x64.ActiveCfg = PreviewXbox|x64
		{D1E14E1F-022B-D084-BDC6-36683F7B57E2}.PreviewXbox|x64.Build.0 = PreviewXbox|x64
		{D1E14E1F-022B-D084-BDC6-36683F7B57E2}.PreviewXbox|x64.Deploy.0 = PreviewXbox|x64
		{D1E14E1F-022B-D084-BDC6-36683F7B57E2}.ReleaseXbox|x64.ActiveCfg = ReleaseXbox|x64
		{D1E14E1F-022B-D084-BDC6-36683F7B57E2}.ReleaseXbox|x64.Build.0 = ReleaseXbox|x64
		{D1E14E1F-022B-D084-BDC6-36683F7B57E2}.ReleaseXbox|x64.Deploy.0 = ReleaseXbox|x64
		{2F0B6BB4-5119-7746-86D2-75D0CF2A6A43}.Debug|x64.ActiveCfg = Debug|x64
		{2F0B6BB4-5119-7746-86D2-75D0CF2A6A43}.Debug|x64.Build.0 = Debug|x64
		{2F0B6BB4-5119-7746-86D2-75D0CF2A6A43}.Preview|x64.ActiveCfg = Preview|x64
		{2F0B6BB4-5119-7746-86D2-75D0CF2A6A43}.Preview|x64.Build.0 = Preview|x64
		{2F0B6BB4-5119-7746-86D2-75D0CF2A6A43}.Release|x64.ActiveCfg = Release|x64
		{2F0B6BB4-5119-7746-86D2-75D0CF2A6A43}.Release|x64.Build.0 = Release|x64
		{2F0B6BB4-5119-7746-86D2-75D0CF2A6A43}.DebugXbox|x64.ActiveCfg = Debug|x64
		{2F0B6BB4-5119-7746-86D2-75D0CF2A6A43}.PreviewXbox|x64.ActiveCfg = Preview|x64
		{2F0B6BB4-5119-7746-86D2-75D0CF2A6A43}.ReleaseXbox|x64.ActiveCfg = Release|x64
		{BD246DB0-3AD3-5F3A-238C-292FE8E816F4}.Debug|x64.ActiveCfg = Debug|x64
		{BD246DB0-3AD3-5F3A-238C-292FE8E816F4}.Debug|x64.Build.0 = Debug|x64
		{BD246DB0-3AD3-5F3A-238C-292FE8E816F4}.Preview|x64.ActiveCfg = Preview|x64
		{BD246DB0-3AD3-5F3A-238C-292FE8E816F4}.Preview|x64.Build.0 = Preview|x64
		{BD246DB0-3AD3-5F3A-238C-292FE8E816F4}.Release|x64.ActiveCfg = Release|x64
		{BD246DB0-3AD3-5F3A-238C-292FE8E816F4}.Release|x64.Build.0 = Release|x64
		{BD246DB0-3AD3-5F3A-238C-292FE8E816F4}.DebugXbox|x64.ActiveCfg = Debug|x64
		{BD246DB0-3AD3-5F3A-238C-292FE8E816F4}.PreviewXbox|x64.ActiveCfg = Preview|x64
		{BD246DB0-3AD3-5F3A-238C-292FE8E816F4}.ReleaseXbox|x64.ActiveCfg = Release|x64
		{16BEF005-83DC-5D5B-C69A-135C28C22BC7}.Debug|x64.ActiveCfg = Debug|x64
		{16BEF005-83DC-5D5B-C69A-135C28C22BC7}.Debug|x64.Build.0 = Debug|x64
		{16BEF005-83DC-5D5B-C69A-135C28C22BC7}.Preview|x64.ActiveCfg = Preview|x64
		{16BEF005-83DC-5D5B-C69A-135C28C22BC7}.Preview|x64.Build.0 = Preview|x64
		{16BEF005-83DC-5D5B-C69A-135C28C22BC7}.Release|x64.ActiveCfg = Release|x64
		{16BEF005-83DC-5D5B-C69A-135C28C22BC7}.DebugXbox|x64.ActiveCfg = DebugXbox|x64
		{16BEF005-83DC-5D5B-C69A-135C28C22BC7}.DebugXbox|x64.Build.0 = DebugXbox|x64
		{16BEF005-83DC-5D5B-C69A-135C28C22BC7}.PreviewXbox|x64.ActiveCfg = PreviewXbox|x64
		{16BEF005-83DC-5D5B-C69A-135C28C22BC7}.PreviewXbox|x64.Build.0 = PreviewXbox|x64
		{16BEF005-83DC-5D5B-C69A-135C28C22BC7}.ReleaseXbox|x64.ActiveCfg = ReleaseXbox|x64
		{9A28CDAD-0F6F-B8A0-3912-682D1073D44E}.Debug|x64.ActiveCfg = Debug|x64
		{9A28CDAD-0F6F-B8A0-3912-682D1073D44E}.Debug|x64.Build.0 = Debug|x64
		{9A28CDAD-0F6F-B8A0-3912-682D1073D44E}.Preview|x64.ActiveCfg = Preview|x64
		{9A28CDAD-0F6F-B8A0-3912-682D1073D44E}.Preview|x64.Build.0 = Preview|x64
		{9A28CDAD-0F6F-B8A0-3912-682D1073D44E}.Release|x64.ActiveCfg = Release|x64
		{9A28CDAD-0F6F-B8A0-3912-682D1073D44E}.Release|x64.Build.0 = Release|x64
		{9A28CDAD-0F6F-B8A0-3912-682D1073D44E}.DebugXbox|x64.ActiveCfg = DebugXbox|x64
		{9A28CDAD-0F6F-B8A0-3912-682D1073D44E}.DebugXbox|x64.Build.0 = DebugXbox|x64
		{9A28CDAD-0F6F-B8A0-3912-682D1073D44E}.PreviewXbox|x64.ActiveCfg = PreviewXbox|x64
		{9A28CDAD-0F6F-B8A0-3912-682D1073D44E}.PreviewXbox|x64.Build.0 = PreviewXbox|x64
		{9A28CDAD-0F6F-B8A0-3912-682D1073D44E}.ReleaseXbox|x64.ActiveCfg = ReleaseXbox|x64
		{9A28CDAD-0F6F-B8A0-3912-682D1073D44E}.ReleaseXbox|x64.Build.0 = ReleaseXbox|x64
	EndGlobalSection
	GlobalSection(SolutionProperties) = preSolution
		HideSolutionNode = FALSE
	EndGlobalSection
	GlobalSection(NestedProjects) = preSolution
		{3EA9A5D6-7E03-233C-9D5F-0F5F3D3551E4} = {603CA8D7-EBDE-3019-CBC5-45F99CEDEE59}
		{2D305B6C-637F-398E-2054-B26688E68BFD} = {603CA8D7-EBDE-3019-CBC5-45F99CEDEE59}
		{DE5615AE-B641-4056-F88E-249AD9E949D0} = {603CA8D7-EBDE-3019-CBC5-45F99CEDEE59}
		{81482B42-5CB9-617D-0861-E820008E622C} = {603CA8D7-EBDE-3019-CBC5-45F99CEDEE59}
		{B93E2750-49B6-D59D-2671-AF23BAED679E} = {603CA8D7-EBDE-3019-CBC5-45F99CEDEE59}
		{A48DFBA4-052E-E492-7CED-2297A99D072E} = {603CA8D7-EBDE-3019-CBC5-45F99CEDEE59}
		{867A0379-56BC-9674-9E88-4D16FF2F14B7} = {603CA8D7-EBDE-3019-CBC5-45F99CEDEE59}
		{F1BE5581-89F2-DF75-36ED-BDFB045C5B5E} = {603CA8D7-EBDE-3019-CBC5-45F99CEDEE59}
		{09213C6B-37DB-4B65-A1B3-2B761929C913} = {603CA8D7-EBDE-3019-CBC5-45F99CEDEE59}
		{9EE6A3BA-8781-F74C-39E4-CD648ED8FDC3} = {603CA8D7-EBDE-3019-CBC5-45F99CEDEE59}
		{EC154CFF-F0AF-2B84-6370-37D0BE6E98DA} = {603CA8D7-EBDE-3019-CBC5-45F99CEDEE59}
		{B1F515BC-EF2E-442C-92F9-C6B84591602F} = {603CA8D7-EBDE-3019-CBC5-45F99CEDEE59}
		{E6FA1A5B-182D-9AB3-F745-EE80A0BF7240} = {603CA8D7-EBDE-3019-CBC5-45F99CEDEE59}
		{CB5862F9-812A-BC61-ACE7-D28939BAB2F6} = {603CA8D7-EBDE-3019-CBC5-45F99CEDEE59}
		{D197C55F-EC0C-5D46-6A8E-58383A9CBFEC} = {D88FA2AC-1426-D434-1B77-634B6AB3E884}
		{D1E14E1F-022B-D084-BDC6-36683F7B57E2} = {D88FA2AC-1426-D434-1B77-634B6AB3E884}
		{BD246DB0-3AD3-5F3A-238C-292FE8E816F4} = {5746A2C8-BA89-E734-BF84-22A3E1DE9822}
		{2F0B6BB4-5119-7746-86D2-75D0CF2A6A43} = {DCC9A87B-C0DE-7582-D9FF-6791C62BE335}
		{16BEF005-83DC-5D5B-C69A-135C28C22BC7} = {D4EDCDD6-DB61-419F-E06B-BE532DC7741E}
		{9A28CDAD-0F6F-B8A0-3912-682D1073D44E} = {D4EDCDD6-DB61-419F-E06B-BE532DC7741E}
	EndGlobalSection
	GlobalSection(ExtensibilityGlobals) = postSolution
		SolutionGuid = {7B1B6D4E-2C4A-4F0B-9C1D-5A2E3F4B6C8D}
	EndGlobalSection
EndGlobal
