<?xml version="1.0" encoding="utf-8"?>
<!-- 自動生成。Tools\GenerateProjectFiles.py が書き換える。手で編集しない -->
<Project ToolsVersion="4.0" xmlns="http://schemas.microsoft.com/developer/msbuild/2003">
  <ItemGroup>
    <Filter Include="Source">
      <UniqueIdentifier>{C5113CD7-4B83-EB7B-0C34-73B66A6128DB}</UniqueIdentifier>
    </Filter>
  </ItemGroup>
  <ItemGroup>
    <ClInclude Include="Source\NonAsciiTestDirectory.h">
      <Filter>Source</Filter>
    </ClInclude>
  </ItemGroup>
  <ItemGroup>
    <ClCompile Include="Source\AabbTests.cpp">
      <Filter>Source</Filter>
    </ClCompile>
    <ClCompile Include="Source\AnimationPlaybackTests.cpp">
      <Filter>Source</Filter>
    </ClCompile>
    <ClCompile Include="Source\DdsImageTests.cpp">
      <Filter>Source</Filter>
    </ClCompile>
    <ClCompile Include="Source\FrameAllocatorTests.cpp">
      <Filter>Source</Filter>
    </ClCompile>
    <ClCompile Include="Source\FramePipelineTests.cpp">
      <Filter>Source</Filter>
    </ClCompile>
    <ClCompile Include="Source\FrustumTests.cpp">
      <Filter>Source</Filter>
    </ClCompile>
    <ClCompile Include="Source\GltfMeshTests.cpp">
      <Filter>Source</Filter>
    </ClCompile>
    <ClCompile Include="Source\GltfSceneTests.cpp">
      <Filter>Source</Filter>
    </ClCompile>
    <ClCompile Include="Source\HeightmapTerrainTests.cpp">
      <Filter>Source</Filter>
    </ClCompile>
    <ClCompile Include="Source\JobSystemStressTests.cpp">
      <Filter>Source</Filter>
    </ClCompile>
    <ClCompile Include="Source\JobSystemTests.cpp">
      <Filter>Source</Filter>
    </ClCompile>
    <ClCompile Include="Source\Main.cpp">
      <Filter>Source</Filter>
    </ClCompile>
    <ClCompile Include="Source\Matrix4x4Tests.cpp">
      <Filter>Source</Filter>
    </ClCompile>
    <ClCompile Include="Source\MatrixOperationTests.cpp">
      <Filter>Source</Filter>
    </ClCompile>
    <ClCompile Include="Source\PackTests.cpp">
      <Filter>Source</Filter>
    </ClCompile>
    <ClCompile Include="Source\ParallelForTests.cpp">
      <Filter>Source</Filter>
    </ClCompile>
    <ClCompile Include="Source\RenderGraphTests.cpp">
      <Filter>Source</Filter>
    </ClCompile>
    <ClCompile Include="Source\VectorTests.cpp">
      <Filter>Source</Filter>
    </ClCompile>
    <ClCompile Include="Source\WorkStealingDequeTests.cpp">
      <Filter>Source</Filter>
    </ClCompile>
  </ItemGroup>
</Project>
