<?xml version="1.0" encoding="utf-8"?>
<!-- 自動生成。Tools\GenerateProjectFiles.py が書き換える。手で編集しない -->
<Project ToolsVersion="4.0" xmlns="http://schemas.microsoft.com/developer/msbuild/2003">
  <ItemGroup>
    <Filter Include="Panels">
      <UniqueIdentifier>{A4DAB093-9ECE-2031-22A9-88A0E40ECC5B}</UniqueIdentifier>
    </Filter>
    <Filter Include="Windows">
      <UniqueIdentifier>{19C5FCE6-0536-1AA4-7EBB-59879FAD8342}</UniqueIdentifier>
    </Filter>
    <Filter Include="Xbox">
      <UniqueIdentifier>{363B5402-C3C2-12FB-8A33-2365B24BE827}</UniqueIdentifier>
    </Filter>
  </ItemGroup>
  <ItemGroup>
    <ClInclude Include="Editor.h" />
    <ClInclude Include="EditorLog.h" />
    <ClInclude Include="EditorUI.h" />
    <ClInclude Include="ImGuiPlatformInput.h" />
    <ClInclude Include="Pch.h" />
    <ClInclude Include="Panels\JobSystemPanel.h">
      <Filter>Panels</Filter>
    </ClInclude>
    <ClInclude Include="Panels\RenderStatisticsPanel.h">
      <Filter>Panels</Filter>
    </ClInclude>
    <ClInclude Include="Panels\ShaderReloadPanel.h">
      <Filter>Panels</Filter>
    </ClInclude>
    <ClInclude Include="Xbox\GamepadReader.h">
      <Filter>Xbox</Filter>
    </ClInclude>
  </ItemGroup>
  <ItemGroup>
    <ClCompile Include="Editor.cpp" />
    <ClCompile Include="EditorUI.cpp" />
    <ClCompile Include="Pch.cpp" />
    <ClCompile Include="Panels\JobSystemPanel.cpp">
      <Filter>Panels</Filter>
    </ClCompile>
    <ClCompile Include="Panels\RenderStatisticsPanel.cpp">
      <Filter>Panels</Filter>
    </ClCompile>
    <ClCompile Include="Panels\ShaderReloadPanel.cpp">
      <Filter>Panels</Filter>
    </ClCompile>
    <ClCompile Include="Windows\ImGuiPlatformInput.cpp">
      <Filter>Windows</Filter>
    </ClCompile>
    <ClCompile Include="Xbox\GamepadReader.cpp">
      <Filter>Xbox</Filter>
    </ClCompile>
    <ClCompile Include="Xbox\ImGuiPlatformInput.cpp">
      <Filter>Xbox</Filter>
    </ClCompile>
  </ItemGroup>
</Project>
