<?xml version="1.0" encoding="utf-8"?>
<!-- 自動生成。Tools\GenerateProjectFiles.py が書き換える。手で編集しない -->
<Project ToolsVersion="4.0" xmlns="http://schemas.microsoft.com/developer/msbuild/2003">
  <ItemGroup>
    <Filter Include="Windows">
      <UniqueIdentifier>{19C5FCE6-0536-1AA4-7EBB-59879FAD8342}</UniqueIdentifier>
    </Filter>
    <Filter Include="Xbox">
      <UniqueIdentifier>{363B5402-C3C2-12FB-8A33-2365B24BE827}</UniqueIdentifier>
    </Filter>
  </ItemGroup>
  <ItemGroup>
    <ClInclude Include="Gamepad.h" />
    <ClInclude Include="Input.h" />
    <ClInclude Include="InputLog.h" />
    <ClInclude Include="Pch.h" />
  </ItemGroup>
  <ItemGroup>
    <ClCompile Include="Gamepad.cpp" />
    <ClCompile Include="Input.cpp" />
    <ClCompile Include="Pch.cpp" />
    <ClCompile Include="Windows\GamepadReader.cpp">
      <Filter>Windows</Filter>
    </ClCompile>
    <ClCompile Include="Xbox\GamepadReader.cpp">
      <Filter>Xbox</Filter>
    </ClCompile>
  </ItemGroup>
</Project>
