<?xml version="1.0" encoding="utf-8"?>
<!-- 自動生成。Tools\GenerateProjectFiles.py が書き換える。手で編集しない -->
<Project ToolsVersion="4.0" xmlns="http://schemas.microsoft.com/developer/msbuild/2003">
  <ItemGroup>
    <Filter Include="Shaders">
      <UniqueIdentifier>{B4D8CE91-87F2-BC1B-8F61-BC02FD32A737}</UniqueIdentifier>
    </Filter>
  </ItemGroup>
  <ItemGroup>
    <ClInclude Include="DebugDraw.h" />
    <ClInclude Include="MeshRenderer.h" />
    <ClInclude Include="Pch.h" />
    <ClInclude Include="RenderGraph.h" />
    <ClInclude Include="Renderer.h" />
    <ClInclude Include="RendererLog.h" />
    <ClInclude Include="SceneRenderer.h" />
    <ClInclude Include="UnlitRenderer.h" />
    <ClInclude Include="Shaders\MeshConstants.h">
      <Filter>Shaders</Filter>
    </ClInclude>
    <ClInclude Include="Shaders\UnlitConstants.h">
      <Filter>Shaders</Filter>
    </ClInclude>
  </ItemGroup>
  <ItemGroup>
    <ClCompile Include="DebugDraw.cpp" />
    <ClCompile Include="MeshRenderer.cpp" />
    <ClCompile Include="Pch.cpp" />
    <ClCompile Include="RenderGraph.cpp" />
    <ClCompile Include="Renderer.cpp" />
    <ClCompile Include="SceneRenderer.cpp" />
    <ClCompile Include="UnlitRenderer.cpp" />
  </ItemGroup>
</Project>
