<?xml version="1.0" encoding="utf-8"?>
<!-- 自動生成。Tools\GenerateProjectFiles.py が書き換える。手で編集しない -->
<Project ToolsVersion="4.0" xmlns="http://schemas.microsoft.com/developer/msbuild/2003">
  <ItemGroup>
    <Filter Include="Job">
      <UniqueIdentifier>{F6D9ADAF-D421-D071-E3AA-0FD46F30B136}</UniqueIdentifier>
    </Filter>
    <Filter Include="Log">
      <UniqueIdentifier>{2799DCE6-3CA6-2EA9-7019-4FDF53099B59}</UniqueIdentifier>
    </Filter>
    <Filter Include="Math">
      <UniqueIdentifier>{3C0F9018-8674-937F-FB96-CC068E5A6FDA}</UniqueIdentifier>
    </Filter>
    <Filter Include="Memory">
      <UniqueIdentifier>{58048B6A-1DFE-FE0C-EC79-0A2C552BA159}</UniqueIdentifier>
    </Filter>
    <Filter Include="Platform">
      <UniqueIdentifier>{1AF1CC7D-074F-0F72-515B-765610B2536A}</UniqueIdentifier>
    </Filter>
    <Filter Include="Reflection">
      <UniqueIdentifier>{87433A36-6F21-FDEA-C50D-3FDE2B8721C4}</UniqueIdentifier>
    </Filter>
    <Filter Include="Status">
      <UniqueIdentifier>{C7382042-7A33-FEA1-805C-81321A6D653F}</UniqueIdentifier>
    </Filter>
    <Filter Include="Text">
      <UniqueIdentifier>{4A991CED-82AF-1D97-C762-6059CA50A4D2}</UniqueIdentifier>
    </Filter>
    <Filter Include="Windows">
      <UniqueIdentifier>{19C5FCE6-0536-1AA4-7EBB-59879FAD8342}</UniqueIdentifier>
    </Filter>
    <Filter Include="Xbox">
      <UniqueIdentifier>{363B5402-C3C2-12FB-8A33-2365B24BE827}</UniqueIdentifier>
    </Filter>
  </ItemGroup>
  <ItemGroup>
    <ClInclude Include="Core.h" />
    <ClInclude Include="CoreLog.h" />
    <ClInclude Include="CoreMacros.h" />
    <ClInclude Include="Pch.h" />
    <ClInclude Include="Job\JobCounter.h">
      <Filter>Job</Filter>
    </ClInclude>
    <ClInclude Include="Job\JobSystem.h">
      <Filter>Job</Filter>
    </ClInclude>
    <ClInclude Include="Job\ParallelFor.h">
      <Filter>Job</Filter>
    </ClInclude>
    <ClInclude Include="Job\WorkStealingDeque.h">
      <Filter>Job</Filter>
    </ClInclude>
    <ClInclude Include="Log\Assert.h">
      <Filter>Log</Filter>
    </ClInclude>
    <ClInclude Include="Log\Log.h">
      <Filter>Log</Filter>
    </ClInclude>
    <ClInclude Include="Log\PlatformLogSink.h">
      <Filter>Log</Filter>
    </ClInclude>
    <ClInclude Include="Math\Aabb.h">
      <Filter>Math</Filter>
    </ClInclude>
    <ClInclude Include="Math\Frustum.h">
      <Filter>Math</Filter>
    </ClInclude>
    <ClInclude Include="Math\JointIndices.h">
      <Filter>Math</Filter>
    </ClInclude>
    <ClInclude Include="Math\MathConstants.h">
      <Filter>Math</Filter>
    </ClInclude>
    <ClInclude Include="Math\Matrix4x4.h">
      <Filter>Math</Filter>
    </ClInclude>
    <ClInclude Include="Math\Pack.h">
      <Filter>Math</Filter>
    </ClInclude>
    <ClInclude Include="Math\Vector2.h">
      <Filter>Math</Filter>
    </ClInclude>
    <ClInclude Include="Math\Vector3.h">
      <Filter>Math</Filter>
    </ClInclude>
    <ClInclude Include="Math\Vector4.h">
      <Filter>Math</Filter>
    </ClInclude>
    <ClInclude Include="Memory\Allocator.h">
      <Filter>Memory</Filter>
    </ClInclude>
    <ClInclude Include="Memory\FrameAllocator.h">
      <Filter>Memory</Filter>
    </ClInclude>
    <ClInclude Include="Memory\UniquePtr.h">
      <Filter>Memory</Filter>
    </ClInclude>
    <ClInclude Include="Platform\AssetPath.h">
      <Filter>Platform</Filter>
    </ClInclude>
    <ClInclude Include="Platform\Budget.h">
      <Filter>Platform</Filter>
    </ClInclude>
    <ClInclude Include="Platform\DirectoryWatcher.h">
      <Filter>Platform</Filter>
    </ClInclude>
    <ClInclude Include="Platform\FileSystem.h">
      <Filter>Platform</Filter>
    </ClInclude>
    <ClInclude Include="Platform\MemoryUsage.h">
      <Filter>Platform</Filter>
    </ClInclude>
    <ClInclude Include="Platform\Thread.h">
      <Filter>Platform</Filter>
    </ClInclude>
    <ClInclude Include="Platform\UWPApplication.h">
      <Filter>Platform</Filter>
    </ClInclude>
    <ClInclude Include="Platform\Window.h">
      <Filter>Platform</Filter>
    </ClInclude>
    <ClInclude Include="Reflection\FieldInfo.h">
      <Filter>Reflection</Filter>
    </ClInclude>
    <ClInclude Include="Reflection\FieldValue.h">
      <Filter>Reflection</Filter>
    </ClInclude>
    <ClInclude Include="Reflection\Reflection.h">
      <Filter>Reflection</Filter>
    </ClInclude>
    <ClInclude Include="Reflection\TuningRegistry.h">
      <Filter>Reflection</Filter>
    </ClInclude>
    <ClInclude Include="Reflection\TuningRow.h">
      <Filter>Reflection</Filter>
    </ClInclude>
    <ClInclude Include="Reflection\TypeInfo.h">
      <Filter>Reflection</Filter>
    </ClInclude>
    <ClInclude Include="Status\StatusRow.h">
      <Filter>Status</Filter>
    </ClInclude>
    <ClInclude Include="Text\MissingGlyphCounter.h">
      <Filter>Text</Filter>
    </ClInclude>
  </ItemGroup>
  <ItemGroup>
    <ClCompile Include="Core.cpp" />
    <ClCompile Include="Pch.cpp" />
    <ClCompile Include="Job\JobSystem.cpp">
      <Filter>Job</Filter>
    </ClCompile>
    <ClCompile Include="Log\Assert.cpp">
      <Filter>Log</Filter>
    </ClCompile>
    <ClCompile Include="Log\Log.cpp">
      <Filter>Log</Filter>
    </ClCompile>
    <ClCompile Include="Math\Aabb.cpp">
      <Filter>Math</Filter>
    </ClCompile>
    <ClCompile Include="Math\Frustum.cpp">
      <Filter>Math</Filter>
    </ClCompile>
    <ClCompile Include="Math\Matrix4x4.cpp">
      <Filter>Math</Filter>
    </ClCompile>
    <ClCompile Include="Memory\Allocator.cpp">
      <Filter>Memory</Filter>
    </ClCompile>
    <ClCompile Include="Memory\FrameAllocator.cpp">
      <Filter>Memory</Filter>
    </ClCompile>
    <ClCompile Include="Platform\Budget.cpp">
      <Filter>Platform</Filter>
    </ClCompile>
    <ClCompile Include="Reflection\TuningRegistry.cpp">
      <Filter>Reflection</Filter>
    </ClCompile>
    <ClCompile Include="Reflection\TuningRow.cpp">
      <Filter>Reflection</Filter>
    </ClCompile>
    <ClCompile Include="Reflection\TypeInfo.cpp">
      <Filter>Reflection</Filter>
    </ClCompile>
    <ClCompile Include="Status\StatusRow.cpp">
      <Filter>Status</Filter>
    </ClCompile>
    <ClCompile Include="Text\MissingGlyphCounter.cpp">
      <Filter>Text</Filter>
    </ClCompile>
    <ClCompile Include="Windows\AssetPath.cpp">
      <Filter>Windows</Filter>
    </ClCompile>
    <ClCompile Include="Windows\DirectoryWatcher.cpp">
      <Filter>Windows</Filter>
    </ClCompile>
    <ClCompile Include="Windows\FileSystem.cpp">
      <Filter>Windows</Filter>
    </ClCompile>
    <ClCompile Include="Windows\MemoryUsage.cpp">
      <Filter>Windows</Filter>
    </ClCompile>
    <ClCompile Include="Windows\PlatformLogSink.cpp">
      <Filter>Windows</Filter>
    </ClCompile>
    <ClCompile Include="Windows\Thread.cpp">
      <Filter>Windows</Filter>
    </ClCompile>
    <ClCompile Include="Windows\Window.cpp">
      <Filter>Windows</Filter>
    </ClCompile>
    <ClCompile Include="Xbox\AssetPath.cpp">
      <Filter>Xbox</Filter>
    </ClCompile>
    <ClCompile Include="Xbox\DirectoryWatcher.cpp">
      <Filter>Xbox</Filter>
    </ClCompile>
    <ClCompile Include="Xbox\FileSystem.cpp">
      <Filter>Xbox</Filter>
    </ClCompile>
    <ClCompile Include="Xbox\MemoryUsage.cpp">
      <Filter>Xbox</Filter>
    </ClCompile>
    <ClCompile Include="Xbox\PlatformLogSink.cpp">
      <Filter>Xbox</Filter>
    </ClCompile>
    <ClCompile Include="Xbox\Thread.cpp">
      <Filter>Xbox</Filter>
    </ClCompile>
    <ClCompile Include="Xbox\UWPApplication.cpp">
      <Filter>Xbox</Filter>
    </ClCompile>
    <ClCompile Include="Xbox\Window.cpp">
      <Filter>Xbox</Filter>
    </ClCompile>
  </ItemGroup>
</Project>
