<?xml version="1.0" encoding="utf-8"?>
<!-- 自動生成。Tools\GenerateProjectFiles.py が書き換える。手で編集しない -->
<Project ToolsVersion="4.0" xmlns="http://schemas.microsoft.com/developer/msbuild/2003">
  <ItemGroup>
    <Filter Include="Job">
      <UniqueIdentifier>{F6D9ADAF-D421-D071-E3AA-0FD46F30B136}</UniqueIdentifier>
    </Filter>
    <Filter Include="Log">
      <UniqueIdentifier>{2799DCE6-3CA6-2EA9-7019-4FDF53099B59}</UniqueIdentifier>
    </Filter>
    <Filter Include="Math">
      <UniqueIdentifier>{3C0F9018-8674-937F-FB96-CC068E5A6FDA}</UniqueIdentifier>
    </Filter>
    <Filter Include="Memory">
      <UniqueIdentifier>{58048B6A-1DFE-FE0C-EC79-0A2C552BA159}</UniqueIdentifier>
    </Filter>
    <Filter Include="Platform">
      <UniqueIdentifier>{1AF1CC7D-074F-0F72-515B-765610B2536A}</UniqueIdentifier>
    </Filter>
    <Filter Include="Windows">
      <UniqueIdentifier>{19C5FCE6-0536-1AA4-7EBB-59879FAD8342}</UniqueIdentifier>
    </Filter>
    <Filter Include="Xbox">
      <UniqueIdentifier>{363B5402-C3C2-12FB-8A33-2365B24BE827}</UniqueIdentifier>
    </Filter>
  </ItemGroup>
  <ItemGroup>
    <ClInclude Include="Core.h" />
    <ClInclude Include="CoreLog.h" />
    <ClInclude Include="CoreMacros.h" />
    <ClInclude Include="Pch.h" />
    <ClInclude Include="Job\JobCounter.h">
      <Filter>Job</Filter>
    </ClInclude>
    <ClInclude Include="Job\JobSystem.h">
      <Filter>Job</Filter>
    </ClInclude>
    <ClInclude Include="Job\ParallelFor.h">
      <Filter>Job</Filter>
    </ClInclude>
    <ClInclude Include="Job\WorkStealingDeque.h">
      <Filter>Job</Filter>
    </ClInclude>
    <ClInclude Include="Log\Assert.h">
      <Filter>Log</Filter>
    </ClInclude>
    <ClInclude Include="Log\Log.h">
      <Filter>Log</Filter>
    </ClInclude>
    <ClInclude Include="Log\PlatformLogSink.h">
      <Filter>Log</Filter>
    </ClInclude>
    <ClInclude Include="Math\JointIndices.h">
      <Filter>Math</Filter>
    </ClInclude>
    <ClInclude Include="Math\Matrix4x4.h">
      <Filter>Math</Filter>
    </ClInclude>
    <ClInclude Include="Math\Pack.h">
      <Filter>Math</Filter>
    </ClInclude>
    <ClInclude Include="Math\Vector2.h">
      <Filter>Math</Filter>
    </ClInclude>
    <ClInclude Include="Math\Vector3.h">
      <Filter>Math</Filter>
    </ClInclude>
    <ClInclude Include="Math\Vector4.h">
      <Filter>Math</Filter>
    </ClInclude>
    <ClInclude Include="Memory\Allocator.h">
      <Filter>Memory</Filter>
    </ClInclude>
    <ClInclude Include="Memory\FrameAllocator.h">
      <Filter>Memory</Filter>
    </ClInclude>
    <ClInclude Include="Memory\UniquePtr.h">
      <Filter>Memory</Filter>
    </ClInclude>
    <ClInclude Include="Platform\AssetPath.h">
      <Filter>Platform</Filter>
    </ClInclude>
    <ClInclude Include="Platform\SystemFont.h">
      <Filter>Platform</Filter>
    </ClInclude>
    <ClInclude Include="Platform\Thread.h">
      <Filter>Platform</Filter>
    </ClInclude>
    <ClInclude Include="Platform\UWPApplication.h">
      <Filter>Platform</Filter>
    </ClInclude>
    <ClInclude Include="Platform\Window.h">
      <Filter>Platform</Filter>
    </ClInclude>
  </ItemGroup>
  <ItemGroup>
    <ClCompile Include="Core.cpp" />
    <ClCompile Include="Pch.cpp" />
    <ClCompile Include="Job\JobSystem.cpp">
      <Filter>Job</Filter>
    </ClCompile>
    <ClCompile Include="Log\Assert.cpp">
      <Filter>Log</Filter>
    </ClCompile>
    <ClCompile Include="Log\Log.cpp">
      <Filter>Log</Filter>
    </ClCompile>
    <ClCompile Include="Math\Matrix4x4.cpp">
      <Filter>Math</Filter>
    </ClCompile>
    <ClCompile Include="Memory\Allocator.cpp">
      <Filter>Memory</Filter>
    </ClCompile>
    <ClCompile Include="Memory\FrameAllocator.cpp">
      <Filter>Memory</Filter>
    </ClCompile>
    <ClCompile Include="Windows\AssetPath.cpp">
      <Filter>Windows</Filter>
    </ClCompile>
    <ClCompile Include="Windows\PlatformLogSink.cpp">
      <Filter>Windows</Filter>
    </ClCompile>
    <ClCompile Include="Windows\SystemFont.cpp">
      <Filter>Windows</Filter>
    </ClCompile>
    <ClCompile Include="Windows\Thread.cpp">
      <Filter>Windows</Filter>
    </ClCompile>
    <ClCompile Include="Windows\Window.cpp">
      <Filter>Windows</Filter>
    </ClCompile>
    <ClCompile Include="Xbox\AssetPath.cpp">
      <Filter>Xbox</Filter>
    </ClCompile>
    <ClCompile Include="Xbox\PlatformLogSink.cpp">
      <Filter>Xbox</Filter>
    </ClCompile>
    <ClCompile Include="Xbox\SystemFont.cpp">
      <Filter>Xbox</Filter>
    </ClCompile>
    <ClCompile Include="Xbox\Thread.cpp">
      <Filter>Xbox</Filter>
    </ClCompile>
    <ClCompile Include="Xbox\UWPApplication.cpp">
      <Filter>Xbox</Filter>
    </ClCompile>
    <ClCompile Include="Xbox\Window.cpp">
      <Filter>Xbox</Filter>
    </ClCompile>
  </ItemGroup>
</Project>
