<?xml version="1.0" encoding="utf-8"?>
<!-- 自動生成。Tools\GenerateProjectFiles.py が書き換える。手で編集しない -->
<Project ToolsVersion="4.0" xmlns="http://schemas.microsoft.com/developer/msbuild/2003">
  <ItemGroup>
  </ItemGroup>
  <ItemGroup>
    <ClInclude Include="CharacterController.h" />
    <ClInclude Include="ComponentTypes.h" />
    <ClInclude Include="GameObjectHandle.h" />
    <ClInclude Include="MeleeSwing.h" />
    <ClInclude Include="Pch.h" />
    <ClInclude Include="Scene.h" />
    <ClInclude Include="SceneLog.h" />
  </ItemGroup>
  <ItemGroup>
    <ClCompile Include="CharacterController.cpp" />
    <ClCompile Include="ComponentTypes.cpp" />
    <ClCompile Include="MeleeSwing.cpp" />
    <ClCompile Include="Pch.cpp" />
    <ClCompile Include="Scene.cpp" />
  </ItemGroup>
</Project>
