<?xml version="1.0" encoding="utf-8"?>
<!-- 自動生成。Tools\GenerateProjectFiles.py が書き換える。手で編集しない -->
<Project ToolsVersion="4.0" xmlns="http://schemas.microsoft.com/developer/msbuild/2003">
  <ItemGroup>
  </ItemGroup>
  <ItemGroup>
    <ClInclude Include="Collision.h" />
    <ClInclude Include="CollisionDebugLines.h" />
    <ClInclude Include="CollisionLog.h" />
    <ClInclude Include="CollisionMath.h" />
    <ClInclude Include="CollisionQuery.h" />
    <ClInclude Include="CollisionShapes.h" />
    <ClInclude Include="CollisionSweep.h" />
    <ClInclude Include="CollisionWorld.h" />
    <ClInclude Include="DynamicAabbTreeBroadphase.h" />
    <ClInclude Include="IBroadphase.h" />
    <ClInclude Include="Narrowphase.h" />
    <ClInclude Include="Pch.h" />
    <ClInclude Include="SweepAndPruneBroadphase.h" />
    <ClInclude Include="UniformGridBroadphase.h" />
  </ItemGroup>
  <ItemGroup>
    <ClCompile Include="Collision.cpp" />
    <ClCompile Include="CollisionDebugLines.cpp" />
    <ClCompile Include="CollisionMath.cpp" />
    <ClCompile Include="CollisionShapes.cpp" />
    <ClCompile Include="CollisionSweep.cpp" />
    <ClCompile Include="CollisionWorld.cpp" />
    <ClCompile Include="DynamicAabbTreeBroadphase.cpp" />
    <ClCompile Include="IBroadphase.cpp" />
    <ClCompile Include="Narrowphase.cpp" />
    <ClCompile Include="Pch.cpp" />
    <ClCompile Include="SweepAndPruneBroadphase.cpp" />
    <ClCompile Include="UniformGridBroadphase.cpp" />
  </ItemGroup>
</Project>
